SITE
  remote: https://supermarket.chef.io/api/v1
  specs:
    apt (4.0.2)
      compat_resource (>= 12.10)
    build-essential (6.0.4)
      compat_resource (>= 12.10)
      mingw (>= 1.1)
      seven_zip (>= 0.0.0)
    chef_handler (1.4.0)
    citadel (1.1.0)
    compat_resource (12.14.0)
    dpkg_autostart (0.2.0)
    erlang (3.0.0)
      apt (>= 1.7.0)
      build-essential (>= 0.0.0)
      yum (~> 3.0)
      yum-epel (>= 0.0.0)
      yum-erlang_solutions (>= 0.0.0)
    hostsfile (2.4.5)
    mingw (1.2.4)
      compat_resource (>= 0.0.0)
      seven_zip (>= 0.0.0)
    ms_dotnet (3.0.0)
      windows (>= 1.36.1)
    rabbitmq (4.9.0)
      dpkg_autostart (>= 0.0.0)
      erlang (>= 0.0.0)
      yum-epel (>= 0.0.0)
      yum-erlang_solutions (>= 0.0.0)
    redisio (2.4.2)
      build-essential (>= 0.0.0)
      ulimit (>= 0.1.2)
    sensu (3.0.0)
      apt (>= 0.0.0)
      ms_dotnet (>= 2.6.1)
      rabbitmq (>= 2.0.0)
      redisio (>= 1.7.0)
      windows (>= 1.8.8)
      yum (>= 0.0.0)
    seven_zip (2.0.2)
      windows (>= 1.2.2)
    ulimit (0.4.0)
    windows (1.44.3)
      chef_handler (>= 0.0.0)
    yum (3.12.0)
    yum-epel (0.7.1)
      yum (>= 3.6.3)
    yum-erlang_solutions (0.3.1)
      yum (~> 3.2)
      yum-epel (>= 0.0.0)

PATH
  remote: site-cookbooks/solodev_sensu
  specs:
    solodev_sensu (0.1.0)
      citadel (>= 0.0.0)
      hostsfile (>= 0.0.0)
      sensu (>= 0.0.0)

DEPENDENCIES
  solodev_sensu (>= 0)

